// !$*UTF8*$!
{
	archiveVersion = 1;
	classes = {
	};
	objectVersion = 48;
	objects = {

/* Begin PBXBuildFile section */
		36230AB50A0FBC6003F8E850 /* Pods_Banner.framework in Frameworks */ = {isa = PBXBuildFile; fileRef = A9ECBDE897AD9C4C7C11E8EC /* Pods_Banner.framework */; };
		4AB2966820A1FE6B00FFEC2E /* AppDelegate.swift in Sources */ = {isa = PBXBuildFile; fileRef = 4AB2966720A1FE6B00FFEC2E /* AppDelegate.swift */; };
		4AB2966A20A1FE6B00FFEC2E /* ViewController.swift in Sources */ = {isa = PBXBuildFile; fileRef = 4AB2966920A1FE6B00FFEC2E /* ViewController.swift */; };
		4AB2966D20A1FE6B00FFEC2E /* Main.storyboard in Resources */ = {isa = PBXBuildFile; fileRef = 4AB2966B20A1FE6B00FFEC2E /* Main.storyboard */; };
		4AB2966F20A1FE6B00FFEC2E /* Assets.xcassets in Resources */ = {isa = PBXBuildFile; fileRef = 4AB2966E20A1FE6B00FFEC2E /* Assets.xcassets */; };
		4AB2967220A1FE6B00FFEC2E /* LaunchScreen.storyboard in Resources */ = {isa = PBXBuildFile; fileRef = 4AB2967020A1FE6B00FFEC2E /* LaunchScreen.storyboard */; };
		4AB2967A20A1FEA000FFEC2E /* CCBanner.swift in Sources */ = {isa = PBXBuildFile; fileRef = 4AB2967920A1FEA000FFEC2E /* CCBanner.swift */; };
/* End PBXBuildFile section */

/* Begin PBXFileReference section */
		4AB2966420A1FE6B00FFEC2E /* Banner.app */ = {isa = PBXFileReference; explicitFileType = wrapper.application; includeInIndex = 0; path = Banner.app; sourceTree = BUILT_PRODUCTS_DIR; };
		4AB2966720A1FE6B00FFEC2E /* AppDelegate.swift */ = {isa = PBXFileReference; lastKnownFileType = sourcecode.swift; path = AppDelegate.swift; sourceTree = "<group>"; };
		4AB2966920A1FE6B00FFEC2E /* ViewController.swift */ = {isa = PBXFileReference; lastKnownFileType = sourcecode.swift; path = ViewController.swift; sourceTree = "<group>"; };
		4AB2966C20A1FE6B00FFEC2E /* Base */ = {isa = PBXFileReference; lastKnownFileType = file.storyboard; name = Base; path = Base.lproj/Main.storyboard; sourceTree = "<group>"; };
		4AB2966E20A1FE6B00FFEC2E /* Assets.xcassets */ = {isa = PBXFileReference; lastKnownFileType = folder.assetcatalog; path = Assets.xcassets; sourceTree = "<group>"; };
		4AB2967120A1FE6B00FFEC2E /* Base */ = {isa = PBXFileReference; lastKnownFileType = file.storyboard; name = Base; path = Base.lproj/LaunchScreen.storyboard; sourceTree = "<group>"; };
		4AB2967320A1FE6B00FFEC2E /* Info.plist */ = {isa = PBXFileReference; lastKnownFileType = text.plist.xml; path = Info.plist; sourceTree = "<group>"; };
		4AB2967920A1FEA000FFEC2E /* CCBanner.swift */ = {isa = PBXFileReference; lastKnownFileType = sourcecode.swift; path = CCBanner.swift; sourceTree = "<group>"; };
		93001EC9FEA194F6687B59C6 /* Pods-Banner.debug.xcconfig */ = {isa = PBXFileReference; includeInIndex = 1; lastKnownFileType = text.xcconfig; name = "Pods-Banner.debug.xcconfig"; path = "Pods/Target Support Files/Pods-Banner/Pods-Banner.debug.xcconfig"; sourceTree = "<group>"; };
		A9ECBDE897AD9C4C7C11E8EC /* Pods_Banner.framework */ = {isa = PBXFileReference; explicitFileType = wrapper.framework; includeInIndex = 0; path = Pods_Banner.framework; sourceTree = BUILT_PRODUCTS_DIR; };
		C84876156F14976334C6E269 /* Pods-Banner.release.xcconfig */ = {isa = PBXFileReference; includeInIndex = 1; lastKnownFileType = text.xcconfig; name = "Pods-Banner.release.xcconfig"; path = "Pods/Target Support Files/Pods-Banner/Pods-Banner.release.xcconfig"; sourceTree = "<group>"; };
/* End PBXFileReference section */

/* Begin PBXFrameworksBuildPhase section */
		4AB2966120A1FE6B00FFEC2E /* Frameworks */ = {
			isa = PBXFrameworksBuildPhase;
			buildActionMask = 2147483647;
			files = (
				36230AB50A0FBC6003F8E850 /* Pods_Banner.framework in Frameworks */,
			);
			runOnlyForDeploymentPostprocessing = 0;
		};
/* End PBXFrameworksBuildPhase section */

/* Begin PBXGroup section */
		2D03C2B84D9C509D97484139 /* Frameworks */ = {
			isa = PBXGroup;
			children = (
				A9ECBDE897AD9C4C7C11E8EC /* Pods_Banner.framework */,
			);
			name = Frameworks;
			sourceTree = "<group>";
		};
		4AB2965B20A1FE6B00FFEC2E = {
			isa = PBXGroup;
			children = (
				4AB2966620A1FE6B00FFEC2E /* Banner */,
				4AB2966520A1FE6B00FFEC2E /* Products */,
				F843AA19C4EDDE5FBF95B172 /* Pods */,
				2D03C2B84D9C509D97484139 /* Frameworks */,
			);
			sourceTree = "<group>";
		};
		4AB2966520A1FE6B00FFEC2E /* Products */ = {
			isa = PBXGroup;
			children = (
				4AB2966420A1FE6B00FFEC2E /* Banner.app */,
			);
			name = Products;
			sourceTree = "<group>";
		};
		4AB2966620A1FE6B00FFEC2E /* Banner */ = {
			isa = PBXGroup;
			children = (
				4AB2966720A1FE6B00FFEC2E /* AppDelegate.swift */,
				4AB2966920A1FE6B00FFEC2E /* ViewController.swift */,
				4AB2967920A1FEA000FFEC2E /* CCBanner.swift */,
				4AB2966B20A1FE6B00FFEC2E /* Main.storyboard */,
				4AB2966E20A1FE6B00FFEC2E /* Assets.xcassets */,
				4AB2967020A1FE6B00FFEC2E /* LaunchScreen.storyboard */,
				4AB2967320A1FE6B00FFEC2E /* Info.plist */,
			);
			path = Banner;
			sourceTree = "<group>";
		};
		F843AA19C4EDDE5FBF95B172 /* Pods */ = {
			isa = PBXGroup;
			children = (
				93001EC9FEA194F6687B59C6 /* Pods-Banner.debug.xcconfig */,
				C84876156F14976334C6E269 /* Pods-Banner.release.xcconfig */,
			);
			name = Pods;
			sourceTree = "<group>";
		};
/* End PBXGroup section */

/* Begin PBXNativeTarget section */
		4AB2966320A1FE6B00FFEC2E /* Banner */ = {
			isa = PBXNativeTarget;
			buildConfigurationList = 4AB2967620A1FE6B00FFEC2E /* Build configuration list for PBXNativeTarget "Banner" */;
			buildPhases = (
				13C6512503B4ECC9E06AAA5E /* [CP] Check Pods Manifest.lock */,
				4AB2966020A1FE6B00FFEC2E /* Sources */,
				4AB2966120A1FE6B00FFEC2E /* Frameworks */,
				4AB2966220A1FE6B00FFEC2E /* Resources */,
				B9E20F8DD054632D18873AC5 /* [CP] Embed Pods Frameworks */,
				E3175429EB5D5F4333B836A0 /* [CP] Copy Pods Resources */,
				4A7FE2FE20A29CB6000D1B2E /* Integrate Reveal Server */,
			);
			buildRules = (
			);
			dependencies = (
			);
			name = Banner;
			productName = Banner;
			productReference = 4AB2966420A1FE6B00FFEC2E /* Banner.app */;
			productType = "com.apple.product-type.application";
		};
/* End PBXNativeTarget section */

/* Begin PBXProject section */
		4AB2965C20A1FE6B00FFEC2E /* Project object */ = {
			isa = PBXProject;
			attributes = {
				LastSwiftUpdateCheck = 0920;
				LastUpgradeCheck = 0920;
				ORGANIZATIONNAME = Trinity;
				TargetAttributes = {
					4AB2966320A1FE6B00FFEC2E = {
						CreatedOnToolsVersion = 9.2;
						ProvisioningStyle = Automatic;
					};
				};
			};
			buildConfigurationList = 4AB2965F20A1FE6B00FFEC2E /* Build configuration list for PBXProject "Banner" */;
			compatibilityVersion = "Xcode 8.0";
			developmentRegion = en;
			hasScannedForEncodings = 0;
			knownRegions = (
				en,
				Base,
			);
			mainGroup = 4AB2965B20A1FE6B00FFEC2E;
			productRefGroup = 4AB2966520A1FE6B00FFEC2E /* Products */;
			projectDirPath = "";
			projectRoot = "";
			targets = (
				4AB2966320A1FE6B00FFEC2E /* Banner */,
			);
		};
/* End PBXProject section */

/* Begin PBXResourcesBuildPhase section */
		4AB2966220A1FE6B00FFEC2E /* Resources */ = {
			isa = PBXResourcesBuildPhase;
			buildActionMask = 2147483647;
			files = (
				4AB2967220A1FE6B00FFEC2E /* LaunchScreen.storyboard in Resources */,
				4AB2966F20A1FE6B00FFEC2E /* Assets.xcassets in Resources */,
				4AB2966D20A1FE6B00FFEC2E /* Main.storyboard in Resources */,
			);
			runOnlyForDeploymentPostprocessing = 0;
		};
/* End PBXResourcesBuildPhase section */

/* Begin PBXShellScriptBuildPhase section */
		13C6512503B4ECC9E06AAA5E /* [CP] Check Pods Manifest.lock */ = {
			isa = PBXShellScriptBuildPhase;
			buildActionMask = 2147483647;
			files = (
			);
			inputPaths = (
				"${PODS_PODFILE_DIR_PATH}/Podfile.lock",
				"${PODS_ROOT}/Manifest.lock",
			);
			name = "[CP] Check Pods Manifest.lock";
			outputPaths = (
				"$(DERIVED_FILE_DIR)/Pods-Banner-checkManifestLockResult.txt",
			);
			runOnlyForDeploymentPostprocessing = 0;
			shellPath = /bin/sh;
			shellScript = "diff \"${PODS_PODFILE_DIR_PATH}/Podfile.lock\" \"${PODS_ROOT}/Manifest.lock\" > /dev/null\nif [ $? != 0 ] ; then\n    # print error to STDERR\n    echo \"error: The sandbox is not in sync with the Podfile.lock. Run 'pod install' or update your CocoaPods installation.\" >&2\n    exit 1\nfi\n# This output is used by Xcode 'outputs' to avoid re-running this script phase.\necho \"SUCCESS\" > \"${SCRIPT_OUTPUT_FILE_0}\"\n";
			showEnvVarsInLog = 0;
		};
		4A7FE2FE20A29CB6000D1B2E /* Integrate Reveal Server */ = {
			isa = PBXShellScriptBuildPhase;
			buildActionMask = 2147483647;
			files = (
			);
			inputPaths = (
			);
			name = "Integrate Reveal Server";
			outputPaths = (
			);
			runOnlyForDeploymentPostprocessing = 0;
			shellPath = /bin/sh;
			shellScript = "REVEAL_APP_PATH=$(mdfind kMDItemCFBundleIdentifier=\"com.ittybittyapps.Reveal2\" | head -n 1)\nBUILD_SCRIPT_PATH=\"${REVEAL_APP_PATH}/Contents/SharedSupport/Scripts/reveal_server_build_phase.sh\"\nif [ \"${REVEAL_APP_PATH}\" -a -e \"${BUILD_SCRIPT_PATH}\" ]; then\n\"${BUILD_SCRIPT_PATH}\"\nelse\necho \"Reveal Server not loaded: Cannot find a compatible Reveal app.\"\nfi";
		};
		B9E20F8DD054632D18873AC5 /* [CP] Embed Pods Frameworks */ = {
			isa = PBXShellScriptBuildPhase;
			buildActionMask = 2147483647;
			files = (
			);
			inputPaths = (
				"${SRCROOT}/Pods/Target Support Files/Pods-Banner/Pods-Banner-frameworks.sh",
				"${BUILT_PRODUCTS_DIR}/SDWebImage/SDWebImage.framework",
			);
			name = "[CP] Embed Pods Frameworks";
			outputPaths = (
				"${TARGET_BUILD_DIR}/${FRAMEWORKS_FOLDER_PATH}/SDWebImage.framework",
			);
			runOnlyForDeploymentPostprocessing = 0;
			shellPath = /bin/sh;
			shellScript = "\"${SRCROOT}/Pods/Target Support Files/Pods-Banner/Pods-Banner-frameworks.sh\"\n";
			showEnvVarsInLog = 0;
		};
		E3175429EB5D5F4333B836A0 /* [CP] Copy Pods Resources */ = {
			isa = PBXShellScriptBuildPhase;
			buildActionMask = 2147483647;
			files = (
			);
			inputPaths = (
			);
			name = "[CP] Copy Pods Resources";
			outputPaths = (
			);
			runOnlyForDeploymentPostprocessing = 0;
			shellPath = /bin/sh;
			shellScript = "\"${SRCROOT}/Pods/Target Support Files/Pods-Banner/Pods-Banner-resources.sh\"\n";
			showEnvVarsInLog = 0;
		};
/* End PBXShellScriptBuildPhase section */

/* Begin PBXSourcesBuildPhase section */
		4AB2966020A1FE6B00FFEC2E /* Sources */ = {
			isa = PBXSourcesBuildPhase;
			buildActionMask = 2147483647;
			files = (
				4AB2966A20A1FE6B00FFEC2E /* ViewController.swift in Sources */,
				4AB2966820A1FE6B00FFEC2E /* AppDelegate.swift in Sources */,
				4AB2967A20A1FEA000FFEC2E /* CCBanner.swift in Sources */,
			);
			runOnlyForDeploymentPostprocessing = 0;
		};
/* End PBXSourcesBuildPhase section */

/* Begin PBXVariantGroup section */
		4AB2966B20A1FE6B00FFEC2E /* Main.storyboard */ = {
			isa = PBXVariantGroup;
			children = (
				4AB2966C20A1FE6B00FFEC2E /* Base */,
			);
			name = Main.storyboard;
			sourceTree = "<group>";
		};
		4AB2967020A1FE6B00FFEC2E /* LaunchScreen.storyboard */ = {
			isa = PBXVariantGroup;
			children = (
				4AB2967120A1FE6B00FFEC2E /* Base */,
			);
			name = LaunchScreen.storyboard;
			sourceTree = "<group>";
		};
/* End PBXVariantGroup section */

/* Begin XCBuildConfiguration section */
		4AB2967420A1FE6B00FFEC2E /* Debug */ = {
			isa = XCBuildConfiguration;
			buildSettings = {
				ALWAYS_SEARCH_USER_PATHS = NO;
				CLANG_ANALYZER_NONNULL = YES;
				CLANG_ANALYZER_NUMBER_OBJECT_CONVERSION = YES_AGGRESSIVE;
				CLANG_CXX_LANGUAGE_STANDARD = "gnu++14";
				CLANG_CXX_LIBRARY = "libc++";
				CLANG_ENABLE_MODULES = YES;
				CLANG_ENABLE_OBJC_ARC = YES;
				CLANG_WARN_BLOCK_CAPTURE_AUTORELEASING = YES;
				CLANG_WARN_BOOL_CONVERSION = YES;
				CLANG_WARN_COMMA = YES;
				CLANG_WARN_CONSTANT_CONVERSION = YES;
				CLANG_WARN_DIRECT_OBJC_ISA_USAGE = YES_ERROR;
				CLANG_WARN_DOCUMENTATION_COMMENTS = YES;
				CLANG_WARN_EMPTY_BODY = YES;
				CLANG_WARN_ENUM_CONVERSION = YES;
				CLANG_WARN_INFINITE_RECURSION = YES;
				CLANG_WARN_INT_CONVERSION = YES;
				CLANG_WARN_NON_LITERAL_NULL_CONVERSION = YES;
				CLANG_WARN_OBJC_LITERAL_CONVERSION = YES;
				CLANG_WARN_OBJC_ROOT_CLASS = YES_ERROR;
				CLANG_WARN_RANGE_LOOP_ANALYSIS = YES;
				CLANG_WARN_STRICT_PROTOTYPES = YES;
				CLANG_WARN_SUSPICIOUS_MOVE = YES;
				CLANG_WARN_UNGUARDED_AVAILABILITY = YES_AGGRESSIVE;
				CLANG_WARN_UNREACHABLE_CODE = YES;
				CLANG_WARN__DUPLICATE_METHOD_MATCH = YES;
				CODE_SIGN_IDENTITY = "iPhone Developer";
				COPY_PHASE_STRIP = NO;
				DEBUG_INFORMATION_FORMAT = dwarf;
				ENABLE_STRICT_OBJC_MSGSEND = YES;
				ENABLE_TESTABILITY = YES;
				GCC_C_LANGUAGE_STANDARD = gnu11;
				GCC_DYNAMIC_NO_PIC = NO;
				GCC_NO_COMMON_BLOCKS = YES;
				GCC_OPTIMIZATION_LEVEL = 0;
				GCC_PREPROCESSOR_DEFINITIONS = (
					"DEBUG=1",
					"$(inherited)",
				);
				GCC_WARN_64_TO_32_BIT_CONVERSION = YES;
				GCC_WARN_ABOUT_RETURN_TYPE = YES_ERROR;
				GCC_WARN_UNDECLARED_SELECTOR = YES;
				GCC_WARN_UNINITIALIZED_AUTOS = YES_AGGRESSIVE;
				GCC_WARN_UNUSED_FUNCTION = YES;
				GCC_WARN_UNUSED_VARIABLE = YES;
				IPHONEOS_DEPLOYMENT_TARGET = 11.2;
				MTL_ENABLE_DEBUG_INFO = YES;
				ONLY_ACTIVE_ARCH = YES;
				SDKROOT = iphoneos;
				SWIFT_ACTIVE_COMPILATION_CONDITIONS = DEBUG;
				SWIFT_OPTIMIZATION_LEVEL = "-Onone";
			};
			name = Debug;
		};
		4AB2967520A1FE6B00FFEC2E /* Release */ = {
			isa = XCBuildConfiguration;
			buildSettings = {
				ALWAYS_SEARCH_USER_PATHS = NO;
				CLANG_ANALYZER_NONNULL = YES;
				CLANG_ANALYZER_NUMBER_OBJECT_CONVERSION = YES_AGGRESSIVE;
				CLANG_CXX_LANGUAGE_STANDARD = "gnu++14";
				CLANG_CXX_LIBRARY = "libc++";
				CLANG_ENABLE_MODULES = YES;
				CLANG_ENABLE_OBJC_ARC = YES;
				CLANG_WARN_BLOCK_CAPTURE_AUTORELEASING = YES;
				CLANG_WARN_BOOL_CONVERSION = YES;
				CLANG_WARN_COMMA = YES;
				CLANG_WARN_CONSTANT_CONVERSION = YES;
				CLANG_WARN_DIRECT_OBJC_ISA_USAGE = YES_ERROR;
				CLANG_WARN_DOCUMENTATION_COMMENTS = YES;
				CLANG_WARN_EMPTY_BODY = YES;
				CLANG_WARN_ENUM_CONVERSION = YES;
				CLANG_WARN_INFINITE_RECURSION = YES;
				CLANG_WARN_INT_CONVERSION = YES;
				CLANG_WARN_NON_LITERAL_NULL_CONVERSION = YES;
				CLANG_WARN_OBJC_LITERAL_CONVERSION = YES;
				CLANG_WARN_OBJC_ROOT_CLASS = YES_ERROR;
				CLANG_WARN_RANGE_LOOP_ANALYSIS = YES;
				CLANG_WARN_STRICT_PROTOTYPES = YES;
				CLANG_WARN_SUSPICIOUS_MOVE = YES;
				CLANG_WARN_UNGUARDED_AVAILABILITY = YES_AGGRESSIVE;
				CLANG_WARN_UNREACHABLE_CODE = YES;
				CLANG_WARN__DUPLICATE_METHOD_MATCH = YES;
				CODE_SIGN_IDENTITY = "iPhone Developer";
				COPY_PHASE_STRIP = NO;
				DEBUG_INFORMATION_FORMAT = "dwarf-with-dsym";
				ENABLE_NS_ASSERTIONS = NO;
				ENABLE_STRICT_OBJC_MSGSEND = YES;
				GCC_C_LANGUAGE_STANDARD = gnu11;
				GCC_NO_COMMON_BLOCKS = YES;
				GCC_WARN_64_TO_32_BIT_CONVERSION = YES;
				GCC_WARN_ABOUT_RETURN_TYPE = YES_ERROR;
				GCC_WARN_UNDECLARED_SELECTOR = YES;
				GCC_WARN_UNINITIALIZED_AUTOS = YES_AGGRESSIVE;
				GCC_WARN_UNUSED_FUNCTION = YES;
				GCC_WARN_UNUSED_VARIABLE = YES;
				IPHONEOS_DEPLOYMENT_TARGET = 11.2;
				MTL_ENABLE_DEBUG_INFO = NO;
				SDKROOT = iphoneos;
				SWIFT_OPTIMIZATION_LEVEL = "-Owholemodule";
				VALIDATE_PRODUCT = YES;
			};
			name = Release;
		};
		4AB2967720A1FE6B00FFEC2E /* Debug */ = {
			isa = XCBuildConfiguration;
			baseConfigurationReference = 93001EC9FEA194F6687B59C6 /* Pods-Banner.debug.xcconfig */;
			buildSettings = {
				ASSETCATALOG_COMPILER_APPICON_NAME = AppIcon;
				CODE_SIGN_STYLE = Automatic;
				DEVELOPMENT_TEAM = 658Q7J5C89;
				INFOPLIST_FILE = Banner/Info.plist;
				LD_RUNPATH_SEARCH_PATHS = "$(inherited) @executable_path/Frameworks";
				PRODUCT_BUNDLE_IDENTIFIER = cn.mangonob.Banner;
				PRODUCT_NAME = "$(TARGET_NAME)";
				SWIFT_VERSION = 4.0;
				TARGETED_DEVICE_FAMILY = "1,2";
			};
			name = Debug;
		};
		4AB2967820A1FE6B00FFEC2E /* Release */ = {
			isa = XCBuildConfiguration;
			baseConfigurationReference = C84876156F14976334C6E269 /* Pods-Banner.release.xcconfig */;
			buildSettings = {
				ASSETCATALOG_COMPILER_APPICON_NAME = AppIcon;
				CODE_SIGN_STYLE = Automatic;
				DEVELOPMENT_TEAM = 658Q7J5C89;
				INFOPLIST_FILE = Banner/Info.plist;
				LD_RUNPATH_SEARCH_PATHS = "$(inherited) @executable_path/Frameworks";
				PRODUCT_BUNDLE_IDENTIFIER = cn.mangonob.Banner;
				PRODUCT_NAME = "$(TARGET_NAME)";
				SWIFT_VERSION = 4.0;
				TARGETED_DEVICE_FAMILY = "1,2";
			};
			name = Release;
		};
/* End XCBuildConfiguration section */

/* Begin XCConfigurationList section */
		4AB2965F20A1FE6B00FFEC2E /* Build configuration list for PBXProject "Banner" */ = {
			isa = XCConfigurationList;
			buildConfigurations = (
				4AB2967420A1FE6B00FFEC2E /* Debug */,
				4AB2967520A1FE6B00FFEC2E /* Release */,
			);
			defaultConfigurationIsVisible = 0;
			defaultConfigurationName = Release;
		};
		4AB2967620A1FE6B00FFEC2E /* Build configuration list for PBXNativeTarget "Banner" */ = {
			isa = XCConfigurationList;
			buildConfigurations = (
				4AB2967720A1FE6B00FFEC2E /* Debug */,
				4AB2967820A1FE6B00FFEC2E /* Release */,
			);
			defaultConfigurationIsVisible = 0;
			defaultConfigurationName = Release;
		};
/* End XCConfigurationList section */
	};
	rootObject = 4AB2965C20A1FE6B00FFEC2E /* Project object */;
}
